Microsoft Visual Studio Solution File, Format Version 11.00
# Visual Studio 2008

Project("{FAE0ECFA-9ABE-6D4E-D062-4348E9BC0290}") = "LudumDare36_CastleDefender", "Assembly-CSharp-firstpass.csproj", "{0768F97D-9C64-ADC4-BB95-7F96D24FC43C}"
EndProject
Project("{FAE0ECFA-9ABE-6D4E-D062-4348E9BC0290}") = "LudumDare36_CastleDefender", "Assembly-CSharp.csproj", "{9DCE67B1-52F1-2880-26E6-A6714B0D989C}"
EndProject
Project("{FAE0ECFA-9ABE-6D4E-D062-4348E9BC0290}") = "LudumDare36_CastleDefender", "Assembly-CSharp-Editor.csproj", "{E61F3C26-1528-E2DC-30A6-680D0333F422}"
EndProject
Global
	GlobalSection(SolutionConfigurationPlatforms) = preSolution
		Debug|Any CPU = Debug|Any CPU
		Release|Any CPU = Release|Any CPU
	EndGlobalSection
	GlobalSection(ProjectConfigurationPlatforms) = postSolution
		{0768F97D-9C64-ADC4-BB95-7F96D24FC43C}.Debug|Any CPU.ActiveCfg = Debug|Any CPU
		{0768F97D-9C64-ADC4-BB95-7F96D24FC43C}.Debug|Any CPU.Build.0 = Debug|Any CPU
		{0768F97D-9C64-ADC4-BB95-7F96D24FC43C}.Release|Any CPU.ActiveCfg = Release|Any CPU
		{0768F97D-9C64-ADC4-BB95-7F96D24FC43C}.Release|Any CPU.Build.0 = Release|Any CPU
		{9DCE67B1-52F1-2880-26E6-A6714B0D989C}.Debug|Any CPU.ActiveCfg = Debug|Any CPU
		{9DCE67B1-52F1-2880-26E6-A6714B0D989C}.Debug|Any CPU.Build.0 = Debug|Any CPU
		{9DCE67B1-52F1-2880-26E6-A6714B0D989C}.Release|Any CPU.ActiveCfg = Release|Any CPU
		{9DCE67B1-52F1-2880-26E6-A6714B0D989C}.Release|Any CPU.Build.0 = Release|Any CPU
		{E61F3C26-1528-E2DC-30A6-680D0333F422}.Debug|Any CPU.ActiveCfg = Debug|Any CPU
		{E61F3C26-1528-E2DC-30A6-680D0333F422}.Debug|Any CPU.Build.0 = Debug|Any CPU
		{E61F3C26-1528-E2DC-30A6-680D0333F422}.Release|Any CPU.ActiveCfg = Release|Any CPU
		{E61F3C26-1528-E2DC-30A6-680D0333F422}.Release|Any CPU.Build.0 = Release|Any CPU
	EndGlobalSection
	GlobalSection(SolutionProperties) = preSolution
		HideSolutionNode = FALSE
	EndGlobalSection
	GlobalSection(MonoDevelopProperties) = preSolution
		StartupItem = Assembly-CSharp.csproj
	EndGlobalSection
EndGlobal
